
Microsoft Visual Studio Solution File, Format Version 12.00
# Visual Studio 15
VisualStudioVersion = 15.0.27130.2010
MinimumVisualStudioVersion = 10.0.40219.1
Project("{FAE04EC0-301F-11D3-BF4B-00C04F79EFBC}") = "CarRequestService", "CarRequestService\CarRequestService.csproj", "{1EA31D7D-9B02-42F1-908E-244CCE0F16D6}"
EndProject
Global
	GlobalSection(SolutionConfigurationPlatforms) = preSolution
		Debug|Any CPU = Debug|Any CPU
		Release|Any CPU = Release|Any CPU
	EndGlobalSection
	GlobalSection(ProjectConfigurationPlatforms) = postSolution
		{1EA31D7D-9B02-42F1-908E-244CCE0F16D6}.Debug|Any CPU.ActiveCfg = Debug|Any CPU
		{1EA31D7D-9B02-42F1-908E-244CCE0F16D6}.Debug|Any CPU.Build.0 = Debug|Any CPU
		{1EA31D7D-9B02-42F1-908E-244CCE0F16D6}.Release|Any CPU.ActiveCfg = Release|Any CPU
		{1EA31D7D-9B02-42F1-908E-244CCE0F16D6}.Release|Any CPU.Build.0 = Release|Any CPU
	EndGlobalSection
	GlobalSection(SolutionProperties) = preSolution
		HideSolutionNode = FALSE
	EndGlobalSection
	GlobalSection(ExtensibilityGlobals) = postSolution
		SolutionGuid = {F23083F0-4002-46A4-85B4-94F73E75546C}
	EndGlobalSection
EndGlobal
